
Microsoft Visual Studio Solution File, Format Version 12.00
# Visual Studio 14
VisualStudioVersion = 14.0.25420.1
MinimumVisualStudioVersion = 10.0.40219.1
Project("{FAE04EC0-301F-11D3-BF4B-00C04F79EFBC}") = "Algorithms", "Algorithms\Algorithms.csproj", "{8331CBF4-3A39-4565-AD5D-DC3E34042543}"
EndProject
Project("{FAE04EC0-301F-11D3-BF4B-00C04F79EFBC}") = "Structures", "Structures\Structures.csproj", "{3B776646-9140-4910-8D34-C88F11B2A76A}"
EndProject
Project("{FAE04EC0-301F-11D3-BF4B-00C04F79EFBC}") = "AlgorithmTests", "Tests\AlgorithmTests\AlgorithmTests.csproj", "{765DA1CA-7637-43BA-939C-C79CF32C137B}"
EndProject
Project("{2150E333-8FDC-42A3-9474-1A3956D46DE8}") = "Tests", "Tests", "{63703289-A23A-4860-87CA-4BBAB1650636}"
EndProject
Project("{2150E333-8FDC-42A3-9474-1A3956D46DE8}") = "Solution Items", "Solution Items", "{0FC30D40-E916-427B-8A9B-237080F77113}"
	ProjectSection(SolutionItems) = preProject
		..\README.md = ..\README.md
	EndProjectSection
EndProject
Global
	GlobalSection(SolutionConfigurationPlatforms) = preSolution
		Debug|Any CPU = Debug|Any CPU
		Release|Any CPU = Release|Any CPU
	EndGlobalSection
	GlobalSection(ProjectConfigurationPlatforms) = postSolution
		{8331CBF4-3A39-4565-AD5D-DC3E34042543}.Debug|Any CPU.ActiveCfg = Debug|Any CPU
		{8331CBF4-3A39-4565-AD5D-DC3E34042543}.Debug|Any CPU.Build.0 = Debug|Any CPU
		{8331CBF4-3A39-4565-AD5D-DC3E34042543}.Release|Any CPU.ActiveCfg = Release|Any CPU
		{8331CBF4-3A39-4565-AD5D-DC3E34042543}.Release|Any CPU.Build.0 = Release|Any CPU
		{3B776646-9140-4910-8D34-C88F11B2A76A}.Debug|Any CPU.ActiveCfg = Debug|Any CPU
		{3B776646-9140-4910-8D34-C88F11B2A76A}.Debug|Any CPU.Build.0 = Debug|Any CPU
		{3B776646-9140-4910-8D34-C88F11B2A76A}.Release|Any CPU.ActiveCfg = Release|Any CPU
		{3B776646-9140-4910-8D34-C88F11B2A76A}.Release|Any CPU.Build.0 = Release|Any CPU
		{765DA1CA-7637-43BA-939C-C79CF32C137B}.Debug|Any CPU.ActiveCfg = Debug|Any CPU
		{765DA1CA-7637-43BA-939C-C79CF32C137B}.Debug|Any CPU.Build.0 = Debug|Any CPU
		{765DA1CA-7637-43BA-939C-C79CF32C137B}.Release|Any CPU.ActiveCfg = Release|Any CPU
		{765DA1CA-7637-43BA-939C-C79CF32C137B}.Release|Any CPU.Build.0 = Release|Any CPU
	EndGlobalSection
	GlobalSection(SolutionProperties) = preSolution
		HideSolutionNode = FALSE
	EndGlobalSection
	GlobalSection(NestedProjects) = preSolution
		{765DA1CA-7637-43BA-939C-C79CF32C137B} = {63703289-A23A-4860-87CA-4BBAB1650636}
	EndGlobalSection
EndGlobal
